
Microsoft Visual Studio Solution File, Format Version 12.00
# Visual Studio Version 16
VisualStudioVersion = 16.0.29905.134
MinimumVisualStudioVersion = 10.0.40219.1
Project("{9A19103F-16F7-4668-BE54-9A1E7A4F7556}") = "AN.Integration.API", "AN.Integration.API\AN.Integration.API.csproj", "{45FBDF09-205E-422C-9B61-47C29526016C}"
EndProject
Project("{2150E333-8FDC-42A3-9474-1A3956D46DE8}") = "Dynamics", "Dynamics", "{EB7AF439-E0D8-4AC1-A7FB-C3C2642C3AC9}"
EndProject
Project("{2150E333-8FDC-42A3-9474-1A3956D46DE8}") = "Plugins", "Plugins", "{21AEA20C-28B5-46A8-8D9D-AC3FDC1F14E0}"
EndProject
Project("{9A19103F-16F7-4668-BE54-9A1E7A4F7556}") = "AN.Integration.Sender", "AN.Integration.Sender\AN.Integration.Sender.csproj", "{10A788C1-F5B7-4E61-81F0-2BE8920120DC}"
EndProject
Project("{D954291E-2A0B-460D-934E-DC6B0785DB48}") = "AN.Integration.Dynamics", "AN.Integration.Dynamics\AN.Integration.Dynamics.shproj", "{C1C03128-A15D-46D8-9BF0-A51F0D4AF994}"
EndProject
Project("{2150E333-8FDC-42A3-9474-1A3956D46DE8}") = "Web", "Web", "{31E3D244-7D24-48C5-B976-5F84B056B8E9}"
EndProject
Project("{2150E333-8FDC-42A3-9474-1A3956D46DE8}") = "Jobs", "Jobs", "{752F371F-1B59-4914-BD0C-A80A99904053}"
EndProject
Project("{2150E333-8FDC-42A3-9474-1A3956D46DE8}") = "Shared", "Shared", "{2D198D28-CD52-4111-A84E-2E5636A966AC}"
EndProject
Project("{9A19103F-16F7-4668-BE54-9A1E7A4F7556}") = "AN.Integration.Database", "Web\Shared\AN.Integration.Database\AN.Integration.Database.csproj", "{B1CC96BD-0C54-4FA8-8F2F-78CB723EB5B6}"
EndProject
Project("{9A19103F-16F7-4668-BE54-9A1E7A4F7556}") = "AN.Integration.SyncToDatabase.Job", "Web\Jobs\AN.Integration.SyncToDatabase.Job\AN.Integration.SyncToDatabase.Job.csproj", "{E5F50DE1-2EC4-4D06-86A5-A7150D24A615}"
EndProject
Project("{9A19103F-16F7-4668-BE54-9A1E7A4F7556}") = "AN.Integration.Mapper", "Web\Shared\AN.Integration.Mapper\AN.Integration.Mapper.csproj", "{ADB2577F-FFB5-4CAB-A319-AE4D89B8728E}"
EndProject
Project("{9A19103F-16F7-4668-BE54-9A1E7A4F7556}") = "AN.Integration.Database.Models", "Web\Shared\AN.Integration.Database.Models\AN.Integration.Database.Models.csproj", "{65D6A8F8-FC99-402A-9888-005CE1C8AE84}"
EndProject
Project("{FAE04EC0-301F-11D3-BF4B-00C04F79EFBC}") = "AN.Integration.Infrastructure", "Web\Shared\AN.Integration.Infrastructure\AN.Integration.Infrastructure.csproj", "{40CB5942-AE1C-42AE-B224-8A015C9CC285}"
EndProject
Project("{D954291E-2A0B-460D-934E-DC6B0785DB48}") = "AN.Integration._1C", "AN.Integration._1C\AN.Integration._1C.shproj", "{724BC3E2-1EA8-46AE-ADB6-A1FE3E7FFE67}"
EndProject
Project("{2150E333-8FDC-42A3-9474-1A3956D46DE8}") = "Apps", "Apps", "{EC5C01DC-E125-440A-B936-F691E0B5EB88}"
EndProject
Global
	GlobalSection(SharedMSBuildProjectFiles) = preSolution
		AN.Integration._1C\AN.Integration._1C.projitems*{724bc3e2-1ea8-46ae-adb6-a1fe3e7ffe67}*SharedItemsImports = 13
		AN.Integration.Dynamics\AN.Integration.Dynamics.projitems*{c1c03128-a15d-46d8-9bf0-a51f0d4af994}*SharedItemsImports = 13
	EndGlobalSection
	GlobalSection(SolutionConfigurationPlatforms) = preSolution
		Debug|Any CPU = Debug|Any CPU
		Release|Any CPU = Release|Any CPU
	EndGlobalSection
	GlobalSection(ProjectConfigurationPlatforms) = postSolution
		{45FBDF09-205E-422C-9B61-47C29526016C}.Debug|Any CPU.ActiveCfg = Debug|Any CPU
		{45FBDF09-205E-422C-9B61-47C29526016C}.Debug|Any CPU.Build.0 = Debug|Any CPU
		{45FBDF09-205E-422C-9B61-47C29526016C}.Release|Any CPU.ActiveCfg = Release|Any CPU
		{45FBDF09-205E-422C-9B61-47C29526016C}.Release|Any CPU.Build.0 = Release|Any CPU
		{10A788C1-F5B7-4E61-81F0-2BE8920120DC}.Debug|Any CPU.ActiveCfg = Debug|Any CPU
		{10A788C1-F5B7-4E61-81F0-2BE8920120DC}.Debug|Any CPU.Build.0 = Debug|Any CPU
		{10A788C1-F5B7-4E61-81F0-2BE8920120DC}.Release|Any CPU.ActiveCfg = Release|Any CPU
		{10A788C1-F5B7-4E61-81F0-2BE8920120DC}.Release|Any CPU.Build.0 = Release|Any CPU
		{B1CC96BD-0C54-4FA8-8F2F-78CB723EB5B6}.Debug|Any CPU.ActiveCfg = Debug|Any CPU
		{B1CC96BD-0C54-4FA8-8F2F-78CB723EB5B6}.Debug|Any CPU.Build.0 = Debug|Any CPU
		{B1CC96BD-0C54-4FA8-8F2F-78CB723EB5B6}.Release|Any CPU.ActiveCfg = Release|Any CPU
		{B1CC96BD-0C54-4FA8-8F2F-78CB723EB5B6}.Release|Any CPU.Build.0 = Release|Any CPU
		{E5F50DE1-2EC4-4D06-86A5-A7150D24A615}.Debug|Any CPU.ActiveCfg = Debug|Any CPU
		{E5F50DE1-2EC4-4D06-86A5-A7150D24A615}.Debug|Any CPU.Build.0 = Debug|Any CPU
		{E5F50DE1-2EC4-4D06-86A5-A7150D24A615}.Release|Any CPU.ActiveCfg = Release|Any CPU
		{E5F50DE1-2EC4-4D06-86A5-A7150D24A615}.Release|Any CPU.Build.0 = Release|Any CPU
		{ADB2577F-FFB5-4CAB-A319-AE4D89B8728E}.Debug|Any CPU.ActiveCfg = Debug|Any CPU
		{ADB2577F-FFB5-4CAB-A319-AE4D89B8728E}.Debug|Any CPU.Build.0 = Debug|Any CPU
		{ADB2577F-FFB5-4CAB-A319-AE4D89B8728E}.Release|Any CPU.ActiveCfg = Release|Any CPU
		{ADB2577F-FFB5-4CAB-A319-AE4D89B8728E}.Release|Any CPU.Build.0 = Release|Any CPU
		{65D6A8F8-FC99-402A-9888-005CE1C8AE84}.Debug|Any CPU.ActiveCfg = Debug|Any CPU
		{65D6A8F8-FC99-402A-9888-005CE1C8AE84}.Debug|Any CPU.Build.0 = Debug|Any CPU
		{65D6A8F8-FC99-402A-9888-005CE1C8AE84}.Release|Any CPU.ActiveCfg = Release|Any CPU
		{65D6A8F8-FC99-402A-9888-005CE1C8AE84}.Release|Any CPU.Build.0 = Release|Any CPU
		{40CB5942-AE1C-42AE-B224-8A015C9CC285}.Debug|Any CPU.ActiveCfg = Debug|Any CPU
		{40CB5942-AE1C-42AE-B224-8A015C9CC285}.Debug|Any CPU.Build.0 = Debug|Any CPU
		{40CB5942-AE1C-42AE-B224-8A015C9CC285}.Release|Any CPU.ActiveCfg = Release|Any CPU
		{40CB5942-AE1C-42AE-B224-8A015C9CC285}.Release|Any CPU.Build.0 = Release|Any CPU
	EndGlobalSection
	GlobalSection(SolutionProperties) = preSolution
		HideSolutionNode = FALSE
	EndGlobalSection
	GlobalSection(NestedProjects) = preSolution
		{45FBDF09-205E-422C-9B61-47C29526016C} = {EC5C01DC-E125-440A-B936-F691E0B5EB88}
		{21AEA20C-28B5-46A8-8D9D-AC3FDC1F14E0} = {EB7AF439-E0D8-4AC1-A7FB-C3C2642C3AC9}
		{10A788C1-F5B7-4E61-81F0-2BE8920120DC} = {21AEA20C-28B5-46A8-8D9D-AC3FDC1F14E0}
		{752F371F-1B59-4914-BD0C-A80A99904053} = {31E3D244-7D24-48C5-B976-5F84B056B8E9}
		{2D198D28-CD52-4111-A84E-2E5636A966AC} = {31E3D244-7D24-48C5-B976-5F84B056B8E9}
		{B1CC96BD-0C54-4FA8-8F2F-78CB723EB5B6} = {2D198D28-CD52-4111-A84E-2E5636A966AC}
		{E5F50DE1-2EC4-4D06-86A5-A7150D24A615} = {752F371F-1B59-4914-BD0C-A80A99904053}
		{ADB2577F-FFB5-4CAB-A319-AE4D89B8728E} = {2D198D28-CD52-4111-A84E-2E5636A966AC}
		{65D6A8F8-FC99-402A-9888-005CE1C8AE84} = {2D198D28-CD52-4111-A84E-2E5636A966AC}
		{40CB5942-AE1C-42AE-B224-8A015C9CC285} = {2D198D28-CD52-4111-A84E-2E5636A966AC}
		{EC5C01DC-E125-440A-B936-F691E0B5EB88} = {31E3D244-7D24-48C5-B976-5F84B056B8E9}
	EndGlobalSection
	GlobalSection(ExtensibilityGlobals) = postSolution
		SolutionGuid = {2AEFD533-5871-455D-877C-3BFB3B59F973}
	EndGlobalSection
EndGlobal
